
Microsoft Visual Studio Solution File, Format Version 12.00
# Visual Studio Version 17
VisualStudioVersion = 17.0.31919.166
MinimumVisualStudioVersion = 10.0.40219.1
Project("{888888A0-9F3D-457C-B088-3A5042F75D52}") = "Plotter", "Plotter\Plotter.pyproj", "{0B101F17-2951-49E7-BD04-D76341CA7C2E}"
EndProject
Global
	GlobalSection(SolutionConfigurationPlatforms) = preSolution
		Debug|Any CPU = Debug|Any CPU
		Release|Any CPU = Release|Any CPU
	EndGlobalSection
	GlobalSection(ProjectConfigurationPlatforms) = postSolution
		{0B101F17-2951-49E7-BD04-D76341CA7C2E}.Debug|Any CPU.ActiveCfg = Debug|Any CPU
		{0B101F17-2951-49E7-BD04-D76341CA7C2E}.Release|Any CPU.ActiveCfg = Release|Any CPU
	EndGlobalSection
	GlobalSection(SolutionProperties) = preSolution
		HideSolutionNode = FALSE
	EndGlobalSection
	GlobalSection(ExtensibilityGlobals) = postSolution
		SolutionGuid = {14AA55BD-2E5A-4B5E-B87A-91C09BCC83B0}
	EndGlobalSection
EndGlobal
